// !$*UTF8*$!
{
	archiveVersion = 1;
	classes = {
	};
	objectVersion = 56;
	objects = {

/* Begin PBXBuildFile section */
		F8A2FCE32C4D27150020FA1A /* LoginHeaderView.swift in Sources */ = {isa = PBXBuildFile; fileRef = F8A2FCE22C4D27150020FA1A /* LoginHeaderView.swift */; };
		F8A2FCE52C4D2B6B0020FA1A /* LoginFormView.swift in Sources */ = {isa = PBXBuildFile; fileRef = F8A2FCE42C4D2B6B0020FA1A /* LoginFormView.swift */; };
		F8A2FCE92C4D7DF30020FA1A /* FirebaseAuth in Frameworks */ = {isa = PBXBuildFile; productRef = F8A2FCE82C4D7DF30020FA1A /* FirebaseAuth */; };
		F8A2FCEB2C4D7DF30020FA1A /* FirebaseDatabase in Frameworks */ = {isa = PBXBuildFile; productRef = F8A2FCEA2C4D7DF30020FA1A /* FirebaseDatabase */; };
		F8A2FCED2C4D7DF30020FA1A /* FirebaseFirestore in Frameworks */ = {isa = PBXBuildFile; productRef = F8A2FCEC2C4D7DF30020FA1A /* FirebaseFirestore */; };
		F8A2FCF12C4D85D30020FA1A /* RegisterHeaderView.swift in Sources */ = {isa = PBXBuildFile; fileRef = F8A2FCF02C4D85D30020FA1A /* RegisterHeaderView.swift */; };
		F8A2FCF32C4D8A040020FA1A /* RegisterFormView.swift in Sources */ = {isa = PBXBuildFile; fileRef = F8A2FCF22C4D8A040020FA1A /* RegisterFormView.swift */; };
		F8C089822C4CD7550009D55B /* ProfileView.swift in Sources */ = {isa = PBXBuildFile; fileRef = F8C089812C4CD7550009D55B /* ProfileView.swift */; };
		F8C089842C4CD7650009D55B /* TodoView.swift in Sources */ = {isa = PBXBuildFile; fileRef = F8C089832C4CD7650009D55B /* TodoView.swift */; };
		F8C089862C4CD7AB0009D55B /* NewTodoView.swift in Sources */ = {isa = PBXBuildFile; fileRef = F8C089852C4CD7AB0009D55B /* NewTodoView.swift */; };
		F8C089882C4CD7BE0009D55B /* LoginView.swift in Sources */ = {isa = PBXBuildFile; fileRef = F8C089872C4CD7BE0009D55B /* LoginView.swift */; };
		F8C0898A2C4CD7DB0009D55B /* RegisterView.swift in Sources */ = {isa = PBXBuildFile; fileRef = F8C089892C4CD7DB0009D55B /* RegisterView.swift */; };
		F8C0898C2C4CD87D0009D55B /* User.swift in Sources */ = {isa = PBXBuildFile; fileRef = F8C0898B2C4CD87D0009D55B /* User.swift */; };
		F8C0898E2C4CD8880009D55B /* Todo.swift in Sources */ = {isa = PBXBuildFile; fileRef = F8C0898D2C4CD8880009D55B /* Todo.swift */; };
		F8C089902C4CEB6A0009D55B /* MainViewModel.swift in Sources */ = {isa = PBXBuildFile; fileRef = F8C0898F2C4CEB6A0009D55B /* MainViewModel.swift */; };
		F8C089922C4CEB7D0009D55B /* ProfileViewModel.swift in Sources */ = {isa = PBXBuildFile; fileRef = F8C089912C4CEB7D0009D55B /* ProfileViewModel.swift */; };
		F8C089942C4CEB970009D55B /* NewTodoViewModel.swift in Sources */ = {isa = PBXBuildFile; fileRef = F8C089932C4CEB970009D55B /* NewTodoViewModel.swift */; };
		F8C089962C4CEBB20009D55B /* LoginViewModel.swift in Sources */ = {isa = PBXBuildFile; fileRef = F8C089952C4CEBB20009D55B /* LoginViewModel.swift */; };
		F8C089982C4CEBCB0009D55B /* RegisterViewModel.swift in Sources */ = {isa = PBXBuildFile; fileRef = F8C089972C4CEBCB0009D55B /* RegisterViewModel.swift */; };
		F8C0899A2C4CEBDF0009D55B /* TodoViewModel.swift in Sources */ = {isa = PBXBuildFile; fileRef = F8C089992C4CEBDF0009D55B /* TodoViewModel.swift */; };
		F8DE5CFB2C4C4B91008C61DB /* TodoAppApp.swift in Sources */ = {isa = PBXBuildFile; fileRef = F8DE5CFA2C4C4B91008C61DB /* TodoAppApp.swift */; };
		F8DE5CFD2C4C4B91008C61DB /* MainView.swift in Sources */ = {isa = PBXBuildFile; fileRef = F8DE5CFC2C4C4B91008C61DB /* MainView.swift */; };
		F8DE5CFF2C4C4B95008C61DB /* Assets.xcassets in Resources */ = {isa = PBXBuildFile; fileRef = F8DE5CFE2C4C4B95008C61DB /* Assets.xcassets */; };
		F8DE5D022C4C4B95008C61DB /* Preview Assets.xcassets in Resources */ = {isa = PBXBuildFile; fileRef = F8DE5D012C4C4B95008C61DB /* Preview Assets.xcassets */; };
		F8DE5D0C2C4C4B96008C61DB /* TodoAppTests.swift in Sources */ = {isa = PBXBuildFile; fileRef = F8DE5D0B2C4C4B96008C61DB /* TodoAppTests.swift */; };
		F8DE5D162C4C4B96008C61DB /* TodoAppUITests.swift in Sources */ = {isa = PBXBuildFile; fileRef = F8DE5D152C4C4B96008C61DB /* TodoAppUITests.swift */; };
		F8DE5D182C4C4B96008C61DB /* TodoAppUITestsLaunchTests.swift in Sources */ = {isa = PBXBuildFile; fileRef = F8DE5D172C4C4B96008C61DB /* TodoAppUITestsLaunchTests.swift */; };
		F8DE5D262C4C4F53008C61DB /* GoogleService-Info.plist in Resources */ = {isa = PBXBuildFile; fileRef = F8DE5D252C4C4F53008C61DB /* GoogleService-Info.plist */; };
/* End PBXBuildFile section */

/* Begin PBXContainerItemProxy section */
		F8DE5D082C4C4B96008C61DB /* PBXContainerItemProxy */ = {
			isa = PBXContainerItemProxy;
			containerPortal = F8DE5CEF2C4C4B91008C61DB /* Project object */;
			proxyType = 1;
			remoteGlobalIDString = F8DE5CF62C4C4B91008C61DB;
			remoteInfo = TodoApp;
		};
		F8DE5D122C4C4B96008C61DB /* PBXContainerItemProxy */ = {
			isa = PBXContainerItemProxy;
			containerPortal = F8DE5CEF2C4C4B91008C61DB /* Project object */;
			proxyType = 1;
			remoteGlobalIDString = F8DE5CF62C4C4B91008C61DB;
			remoteInfo = TodoApp;
		};
/* End PBXContainerItemProxy section */

/* Begin PBXFileReference section */
		F8A2FCE22C4D27150020FA1A /* LoginHeaderView.swift */ = {isa = PBXFileReference; lastKnownFileType = sourcecode.swift; path = LoginHeaderView.swift; sourceTree = "<group>"; };
		F8A2FCE42C4D2B6B0020FA1A /* LoginFormView.swift */ = {isa = PBXFileReference; lastKnownFileType = sourcecode.swift; path = LoginFormView.swift; sourceTree = "<group>"; };
		F8A2FCF02C4D85D30020FA1A /* RegisterHeaderView.swift */ = {isa = PBXFileReference; lastKnownFileType = sourcecode.swift; path = RegisterHeaderView.swift; sourceTree = "<group>"; };
		F8A2FCF22C4D8A040020FA1A /* RegisterFormView.swift */ = {isa = PBXFileReference; lastKnownFileType = sourcecode.swift; path = RegisterFormView.swift; sourceTree = "<group>"; };
		F8C089812C4CD7550009D55B /* ProfileView.swift */ = {isa = PBXFileReference; lastKnownFileType = sourcecode.swift; path = ProfileView.swift; sourceTree = "<group>"; };
		F8C089832C4CD7650009D55B /* TodoView.swift */ = {isa = PBXFileReference; lastKnownFileType = sourcecode.swift; path = TodoView.swift; sourceTree = "<group>"; };
		F8C089852C4CD7AB0009D55B /* NewTodoView.swift */ = {isa = PBXFileReference; lastKnownFileType = sourcecode.swift; path = NewTodoView.swift; sourceTree = "<group>"; };
		F8C089872C4CD7BE0009D55B /* LoginView.swift */ = {isa = PBXFileReference; lastKnownFileType = sourcecode.swift; path = LoginView.swift; sourceTree = "<group>"; };
		F8C089892C4CD7DB0009D55B /* RegisterView.swift */ = {isa = PBXFileReference; lastKnownFileType = sourcecode.swift; path = RegisterView.swift; sourceTree = "<group>"; };
		F8C0898B2C4CD87D0009D55B /* User.swift */ = {isa = PBXFileReference; lastKnownFileType = sourcecode.swift; path = User.swift; sourceTree = "<group>"; };
		F8C0898D2C4CD8880009D55B /* Todo.swift */ = {isa = PBXFileReference; lastKnownFileType = sourcecode.swift; path = Todo.swift; sourceTree = "<group>"; };
		F8C0898F2C4CEB6A0009D55B /* MainViewModel.swift */ = {isa = PBXFileReference; lastKnownFileType = sourcecode.swift; path = MainViewModel.swift; sourceTree = "<group>"; };
		F8C089912C4CEB7D0009D55B /* ProfileViewModel.swift */ = {isa = PBXFileReference; lastKnownFileType = sourcecode.swift; path = ProfileViewModel.swift; sourceTree = "<group>"; };
		F8C089932C4CEB970009D55B /* NewTodoViewModel.swift */ = {isa = PBXFileReference; lastKnownFileType = sourcecode.swift; path = NewTodoViewModel.swift; sourceTree = "<group>"; };
		F8C089952C4CEBB20009D55B /* LoginViewModel.swift */ = {isa = PBXFileReference; lastKnownFileType = sourcecode.swift; path = LoginViewModel.swift; sourceTree = "<group>"; };
		F8C089972C4CEBCB0009D55B /* RegisterViewModel.swift */ = {isa = PBXFileReference; lastKnownFileType = sourcecode.swift; path = RegisterViewModel.swift; sourceTree = "<group>"; };
		F8C089992C4CEBDF0009D55B /* TodoViewModel.swift */ = {isa = PBXFileReference; lastKnownFileType = sourcecode.swift; path = TodoViewModel.swift; sourceTree = "<group>"; };
		F8DE5CF72C4C4B91008C61DB /* TodoApp.app */ = {isa = PBXFileReference; explicitFileType = wrapper.application; includeInIndex = 0; path = TodoApp.app; sourceTree = BUILT_PRODUCTS_DIR; };
		F8DE5CFA2C4C4B91008C61DB /* TodoAppApp.swift */ = {isa = PBXFileReference; lastKnownFileType = sourcecode.swift; path = TodoAppApp.swift; sourceTree = "<group>"; };
		F8DE5CFC2C4C4B91008C61DB /* MainView.swift */ = {isa = PBXFileReference; lastKnownFileType = sourcecode.swift; path = MainView.swift; sourceTree = "<group>"; };
		F8DE5CFE2C4C4B95008C61DB /* Assets.xcassets */ = {isa = PBXFileReference; lastKnownFileType = folder.assetcatalog; path = Assets.xcassets; sourceTree = "<group>"; };
		F8DE5D012C4C4B95008C61DB /* Preview Assets.xcassets */ = {isa = PBXFileReference; lastKnownFileType = folder.assetcatalog; path = "Preview Assets.xcassets"; sourceTree = "<group>"; };
		F8DE5D072C4C4B96008C61DB /* TodoAppTests.xctest */ = {isa = PBXFileReference; explicitFileType = wrapper.cfbundle; includeInIndex = 0; path = TodoAppTests.xctest; sourceTree = BUILT_PRODUCTS_DIR; };
		F8DE5D0B2C4C4B96008C61DB /* TodoAppTests.swift */ = {isa = PBXFileReference; lastKnownFileType = sourcecode.swift; path = TodoAppTests.swift; sourceTree = "<group>"; };
		F8DE5D112C4C4B96008C61DB /* TodoAppUITests.xctest */ = {isa = PBXFileReference; explicitFileType = wrapper.cfbundle; includeInIndex = 0; path = TodoAppUITests.xctest; sourceTree = BUILT_PRODUCTS_DIR; };
		F8DE5D152C4C4B96008C61DB /* TodoAppUITests.swift */ = {isa = PBXFileReference; lastKnownFileType = sourcecode.swift; path = TodoAppUITests.swift; sourceTree = "<group>"; };
		F8DE5D172C4C4B96008C61DB /* TodoAppUITestsLaunchTests.swift */ = {isa = PBXFileReference; lastKnownFileType = sourcecode.swift; path = TodoAppUITestsLaunchTests.swift; sourceTree = "<group>"; };
		F8DE5D252C4C4F53008C61DB /* GoogleService-Info.plist */ = {isa = PBXFileReference; fileEncoding = 4; lastKnownFileType = text.plist.xml; path = "GoogleService-Info.plist"; sourceTree = "<group>"; };
/* End PBXFileReference section */

/* Begin PBXFrameworksBuildPhase section */
		F8DE5CF42C4C4B91008C61DB /* Frameworks */ = {
			isa = PBXFrameworksBuildPhase;
			buildActionMask = 2147483647;
			files = (
				F8A2FCEB2C4D7DF30020FA1A /* FirebaseDatabase in Frameworks */,
				F8A2FCE92C4D7DF30020FA1A /* FirebaseAuth in Frameworks */,
				F8A2FCED2C4D7DF30020FA1A /* FirebaseFirestore in Frameworks */,
			);
			runOnlyForDeploymentPostprocessing = 0;
		};
		F8DE5D042C4C4B96008C61DB /* Frameworks */ = {
			isa = PBXFrameworksBuildPhase;
			buildActionMask = 2147483647;
			files = (
			);
			runOnlyForDeploymentPostprocessing = 0;
		};
		F8DE5D0E2C4C4B96008C61DB /* Frameworks */ = {
			isa = PBXFrameworksBuildPhase;
			buildActionMask = 2147483647;
			files = (
			);
			runOnlyForDeploymentPostprocessing = 0;
		};
/* End PBXFrameworksBuildPhase section */

/* Begin PBXGroup section */
		F8A2FCE12C4D26C70020FA1A /* Login */ = {
			isa = PBXGroup;
			children = (
				F8C089872C4CD7BE0009D55B /* LoginView.swift */,
				F8A2FCE42C4D2B6B0020FA1A /* LoginFormView.swift */,
				F8A2FCE22C4D27150020FA1A /* LoginHeaderView.swift */,
			);
			path = Login;
			sourceTree = "<group>";
		};
		F8A2FCE72C4D79C00020FA1A /* Register */ = {
			isa = PBXGroup;
			children = (
				F8C089892C4CD7DB0009D55B /* RegisterView.swift */,
				F8A2FCF02C4D85D30020FA1A /* RegisterHeaderView.swift */,
				F8A2FCF22C4D8A040020FA1A /* RegisterFormView.swift */,
			);
			path = Register;
			sourceTree = "<group>";
		};
		F8DE5CEE2C4C4B91008C61DB = {
			isa = PBXGroup;
			children = (
				F8DE5CF92C4C4B91008C61DB /* TodoApp */,
				F8DE5D0A2C4C4B96008C61DB /* TodoAppTests */,
				F8DE5D142C4C4B96008C61DB /* TodoAppUITests */,
				F8DE5CF82C4C4B91008C61DB /* Products */,
			);
			sourceTree = "<group>";
		};
		F8DE5CF82C4C4B91008C61DB /* Products */ = {
			isa = PBXGroup;
			children = (
				F8DE5CF72C4C4B91008C61DB /* TodoApp.app */,
				F8DE5D072C4C4B96008C61DB /* TodoAppTests.xctest */,
				F8DE5D112C4C4B96008C61DB /* TodoAppUITests.xctest */,
			);
			name = Products;
			sourceTree = "<group>";
		};
		F8DE5CF92C4C4B91008C61DB /* TodoApp */ = {
			isa = PBXGroup;
			children = (
				F8DE5CFA2C4C4B91008C61DB /* TodoAppApp.swift */,
				F8DE5D2F2C4C530B008C61DB /* Others */,
				F8DE5D2E2C4C52D1008C61DB /* Models */,
				F8DE5D2D2C4C52A7008C61DB /* ViewModels */,
				F8DE5D2B2C4C5284008C61DB /* Views */,
				F8DE5D002C4C4B95008C61DB /* Preview Content */,
			);
			path = TodoApp;
			sourceTree = "<group>";
		};
		F8DE5D002C4C4B95008C61DB /* Preview Content */ = {
			isa = PBXGroup;
			children = (
				F8DE5D012C4C4B95008C61DB /* Preview Assets.xcassets */,
			);
			path = "Preview Content";
			sourceTree = "<group>";
		};
		F8DE5D0A2C4C4B96008C61DB /* TodoAppTests */ = {
			isa = PBXGroup;
			children = (
				F8DE5D0B2C4C4B96008C61DB /* TodoAppTests.swift */,
			);
			path = TodoAppTests;
			sourceTree = "<group>";
		};
		F8DE5D142C4C4B96008C61DB /* TodoAppUITests */ = {
			isa = PBXGroup;
			children = (
				F8DE5D152C4C4B96008C61DB /* TodoAppUITests.swift */,
				F8DE5D172C4C4B96008C61DB /* TodoAppUITestsLaunchTests.swift */,
			);
			path = TodoAppUITests;
			sourceTree = "<group>";
		};
		F8DE5D2B2C4C5284008C61DB /* Views */ = {
			isa = PBXGroup;
			children = (
				F8A2FCE72C4D79C00020FA1A /* Register */,
				F8A2FCE12C4D26C70020FA1A /* Login */,
				F8DE5CFC2C4C4B91008C61DB /* MainView.swift */,
				F8C089812C4CD7550009D55B /* ProfileView.swift */,
				F8C089852C4CD7AB0009D55B /* NewTodoView.swift */,
				F8C089832C4CD7650009D55B /* TodoView.swift */,
			);
			path = Views;
			sourceTree = "<group>";
		};
		F8DE5D2D2C4C52A7008C61DB /* ViewModels */ = {
			isa = PBXGroup;
			children = (
				F8C0898F2C4CEB6A0009D55B /* MainViewModel.swift */,
				F8C089912C4CEB7D0009D55B /* ProfileViewModel.swift */,
				F8C089932C4CEB970009D55B /* NewTodoViewModel.swift */,
				F8C089952C4CEBB20009D55B /* LoginViewModel.swift */,
				F8C089972C4CEBCB0009D55B /* RegisterViewModel.swift */,
				F8C089992C4CEBDF0009D55B /* TodoViewModel.swift */,
			);
			path = ViewModels;
			sourceTree = "<group>";
		};
		F8DE5D2E2C4C52D1008C61DB /* Models */ = {
			isa = PBXGroup;
			children = (
				F8C0898B2C4CD87D0009D55B /* User.swift */,
				F8C0898D2C4CD8880009D55B /* Todo.swift */,
			);
			path = Models;
			sourceTree = "<group>";
		};
		F8DE5D2F2C4C530B008C61DB /* Others */ = {
			isa = PBXGroup;
			children = (
				F8DE5CFE2C4C4B95008C61DB /* Assets.xcassets */,
				F8DE5D252C4C4F53008C61DB /* GoogleService-Info.plist */,
			);
			path = Others;
			sourceTree = "<group>";
		};
/* End PBXGroup section */

/* Begin PBXNativeTarget section */
		F8DE5CF62C4C4B91008C61DB /* TodoApp */ = {
			isa = PBXNativeTarget;
			buildConfigurationList = F8DE5D1B2C4C4B96008C61DB /* Build configuration list for PBXNativeTarget "TodoApp" */;
			buildPhases = (
				F8DE5CF32C4C4B91008C61DB /* Sources */,
				F8DE5CF42C4C4B91008C61DB /* Frameworks */,
				F8DE5CF52C4C4B91008C61DB /* Resources */,
			);
			buildRules = (
			);
			dependencies = (
			);
			name = TodoApp;
			packageProductDependencies = (
				F8A2FCE82C4D7DF30020FA1A /* FirebaseAuth */,
				F8A2FCEA2C4D7DF30020FA1A /* FirebaseDatabase */,
				F8A2FCEC2C4D7DF30020FA1A /* FirebaseFirestore */,
			);
			productName = TodoApp;
			productReference = F8DE5CF72C4C4B91008C61DB /* TodoApp.app */;
			productType = "com.apple.product-type.application";
		};
		F8DE5D062C4C4B96008C61DB /* TodoAppTests */ = {
			isa = PBXNativeTarget;
			buildConfigurationList = F8DE5D1E2C4C4B96008C61DB /* Build configuration list for PBXNativeTarget "TodoAppTests" */;
			buildPhases = (
				F8DE5D032C4C4B96008C61DB /* Sources */,
				F8DE5D042C4C4B96008C61DB /* Frameworks */,
				F8DE5D052C4C4B96008C61DB /* Resources */,
			);
			buildRules = (
			);
			dependencies = (
				F8DE5D092C4C4B96008C61DB /* PBXTargetDependency */,
			);
			name = TodoAppTests;
			productName = TodoAppTests;
			productReference = F8DE5D072C4C4B96008C61DB /* TodoAppTests.xctest */;
			productType = "com.apple.product-type.bundle.unit-test";
		};
		F8DE5D102C4C4B96008C61DB /* TodoAppUITests */ = {
			isa = PBXNativeTarget;
			buildConfigurationList = F8DE5D212C4C4B96008C61DB /* Build configuration list for PBXNativeTarget "TodoAppUITests" */;
			buildPhases = (
				F8DE5D0D2C4C4B96008C61DB /* Sources */,
				F8DE5D0E2C4C4B96008C61DB /* Frameworks */,
				F8DE5D0F2C4C4B96008C61DB /* Resources */,
			);
			buildRules = (
			);
			dependencies = (
				F8DE5D132C4C4B96008C61DB /* PBXTargetDependency */,
			);
			name = TodoAppUITests;
			productName = TodoAppUITests;
			productReference = F8DE5D112C4C4B96008C61DB /* TodoAppUITests.xctest */;
			productType = "com.apple.product-type.bundle.ui-testing";
		};
/* End PBXNativeTarget section */

/* Begin PBXProject section */
		F8DE5CEF2C4C4B91008C61DB /* Project object */ = {
			isa = PBXProject;
			attributes = {
				BuildIndependentTargetsInParallel = 1;
				LastSwiftUpdateCheck = 1540;
				LastUpgradeCheck = 1540;
				TargetAttributes = {
					F8DE5CF62C4C4B91008C61DB = {
						CreatedOnToolsVersion = 15.4;
					};
					F8DE5D062C4C4B96008C61DB = {
						CreatedOnToolsVersion = 15.4;
						TestTargetID = F8DE5CF62C4C4B91008C61DB;
					};
					F8DE5D102C4C4B96008C61DB = {
						CreatedOnToolsVersion = 15.4;
						TestTargetID = F8DE5CF62C4C4B91008C61DB;
					};
				};
			};
			buildConfigurationList = F8DE5CF22C4C4B91008C61DB /* Build configuration list for PBXProject "TodoApp" */;
			compatibilityVersion = "Xcode 14.0";
			developmentRegion = en;
			hasScannedForEncodings = 0;
			knownRegions = (
				en,
				Base,
			);
			mainGroup = F8DE5CEE2C4C4B91008C61DB;
			packageReferences = (
				F8DE5D242C4C4DBE008C61DB /* XCRemoteSwiftPackageReference "firebase-ios-sdk" */,
			);
			productRefGroup = F8DE5CF82C4C4B91008C61DB /* Products */;
			projectDirPath = "";
			projectRoot = "";
			targets = (
				F8DE5CF62C4C4B91008C61DB /* TodoApp */,
				F8DE5D062C4C4B96008C61DB /* TodoAppTests */,
				F8DE5D102C4C4B96008C61DB /* TodoAppUITests */,
			);
		};
/* End PBXProject section */

/* Begin PBXResourcesBuildPhase section */
		F8DE5CF52C4C4B91008C61DB /* Resources */ = {
			isa = PBXResourcesBuildPhase;
			buildActionMask = 2147483647;
			files = (
				F8DE5D022C4C4B95008C61DB /* Preview Assets.xcassets in Resources */,
				F8DE5CFF2C4C4B95008C61DB /* Assets.xcassets in Resources */,
				F8DE5D262C4C4F53008C61DB /* GoogleService-Info.plist in Resources */,
			);
			runOnlyForDeploymentPostprocessing = 0;
		};
		F8DE5D052C4C4B96008C61DB /* Resources */ = {
			isa = PBXResourcesBuildPhase;
			buildActionMask = 2147483647;
			files = (
			);
			runOnlyForDeploymentPostprocessing = 0;
		};
		F8DE5D0F2C4C4B96008C61DB /* Resources */ = {
			isa = PBXResourcesBuildPhase;
			buildActionMask = 2147483647;
			files = (
			);
			runOnlyForDeploymentPostprocessing = 0;
		};
/* End PBXResourcesBuildPhase section */

/* Begin PBXSourcesBuildPhase section */
		F8DE5CF32C4C4B91008C61DB /* Sources */ = {
			isa = PBXSourcesBuildPhase;
			buildActionMask = 2147483647;
			files = (
				F8A2FCF32C4D8A040020FA1A /* RegisterFormView.swift in Sources */,
				F8DE5CFD2C4C4B91008C61DB /* MainView.swift in Sources */,
				F8C089822C4CD7550009D55B /* ProfileView.swift in Sources */,
				F8DE5CFB2C4C4B91008C61DB /* TodoAppApp.swift in Sources */,
				F8C0899A2C4CEBDF0009D55B /* TodoViewModel.swift in Sources */,
				F8C089882C4CD7BE0009D55B /* LoginView.swift in Sources */,
				F8C0898E2C4CD8880009D55B /* Todo.swift in Sources */,
				F8A2FCE52C4D2B6B0020FA1A /* LoginFormView.swift in Sources */,
				F8C089942C4CEB970009D55B /* NewTodoViewModel.swift in Sources */,
				F8C089902C4CEB6A0009D55B /* MainViewModel.swift in Sources */,
				F8C0898C2C4CD87D0009D55B /* User.swift in Sources */,
				F8A2FCF12C4D85D30020FA1A /* RegisterHeaderView.swift in Sources */,
				F8C089962C4CEBB20009D55B /* LoginViewModel.swift in Sources */,
				F8C089982C4CEBCB0009D55B /* RegisterViewModel.swift in Sources */,
				F8C089922C4CEB7D0009D55B /* ProfileViewModel.swift in Sources */,
				F8C0898A2C4CD7DB0009D55B /* RegisterView.swift in Sources */,
				F8A2FCE32C4D27150020FA1A /* LoginHeaderView.swift in Sources */,
				F8C089842C4CD7650009D55B /* TodoView.swift in Sources */,
				F8C089862C4CD7AB0009D55B /* NewTodoView.swift in Sources */,
			);
			runOnlyForDeploymentPostprocessing = 0;
		};
		F8DE5D032C4C4B96008C61DB /* Sources */ = {
			isa = PBXSourcesBuildPhase;
			buildActionMask = 2147483647;
			files = (
				F8DE5D0C2C4C4B96008C61DB /* TodoAppTests.swift in Sources */,
			);
			runOnlyForDeploymentPostprocessing = 0;
		};
		F8DE5D0D2C4C4B96008C61DB /* Sources */ = {
			isa = PBXSourcesBuildPhase;
			buildActionMask = 2147483647;
			files = (
				F8DE5D182C4C4B96008C61DB /* TodoAppUITestsLaunchTests.swift in Sources */,
				F8DE5D162C4C4B96008C61DB /* TodoAppUITests.swift in Sources */,
			);
			runOnlyForDeploymentPostprocessing = 0;
		};
/* End PBXSourcesBuildPhase section */

/* Begin PBXTargetDependency section */
		F8DE5D092C4C4B96008C61DB /* PBXTargetDependency */ = {
			isa = PBXTargetDependency;
			target = F8DE5CF62C4C4B91008C61DB /* TodoApp */;
			targetProxy = F8DE5D082C4C4B96008C61DB /* PBXContainerItemProxy */;
		};
		F8DE5D132C4C4B96008C61DB /* PBXTargetDependency */ = {
			isa = PBXTargetDependency;
			target = F8DE5CF62C4C4B91008C61DB /* TodoApp */;
			targetProxy = F8DE5D122C4C4B96008C61DB /* PBXContainerItemProxy */;
		};
/* End PBXTargetDependency section */

/* Begin XCBuildConfiguration section */
		F8DE5D192C4C4B96008C61DB /* Debug */ = {
			isa = XCBuildConfiguration;
			buildSettings = {
				ALWAYS_SEARCH_USER_PATHS = NO;
				ASSETCATALOG_COMPILER_GENERATE_SWIFT_ASSET_SYMBOL_EXTENSIONS = YES;
				CLANG_ANALYZER_NONNULL = YES;
				CLANG_ANALYZER_NUMBER_OBJECT_CONVERSION = YES_AGGRESSIVE;
				CLANG_CXX_LANGUAGE_STANDARD = "gnu++20";
				CLANG_ENABLE_MODULES = YES;
				CLANG_ENABLE_OBJC_ARC = YES;
				CLANG_ENABLE_OBJC_WEAK = YES;
				CLANG_WARN_BLOCK_CAPTURE_AUTORELEASING = YES;
				CLANG_WARN_BOOL_CONVERSION = YES;
				CLANG_WARN_COMMA = YES;
				CLANG_WARN_CONSTANT_CONVERSION = YES;
				CLANG_WARN_DEPRECATED_OBJC_IMPLEMENTATIONS = YES;
				CLANG_WARN_DIRECT_OBJC_ISA_USAGE = YES_ERROR;
				CLANG_WARN_DOCUMENTATION_COMMENTS = YES;
				CLANG_WARN_EMPTY_BODY = YES;
				CLANG_WARN_ENUM_CONVERSION = YES;
				CLANG_WARN_INFINITE_RECURSION = YES;
				CLANG_WARN_INT_CONVERSION = YES;
				CLANG_WARN_NON_LITERAL_NULL_CONVERSION = YES;
				CLANG_WARN_OBJC_IMPLICIT_RETAIN_SELF = YES;
				CLANG_WARN_OBJC_LITERAL_CONVERSION = YES;
				CLANG_WARN_OBJC_ROOT_CLASS = YES_ERROR;
				CLANG_WARN_QUOTED_INCLUDE_IN_FRAMEWORK_HEADER = YES;
				CLANG_WARN_RANGE_LOOP_ANALYSIS = YES;
				CLANG_WARN_STRICT_PROTOTYPES = YES;
				CLANG_WARN_SUSPICIOUS_MOVE = YES;
				CLANG_WARN_UNGUARDED_AVAILABILITY = YES_AGGRESSIVE;
				CLANG_WARN_UNREACHABLE_CODE = YES;
				CLANG_WARN__DUPLICATE_METHOD_MATCH = YES;
				COPY_PHASE_STRIP = NO;
				DEBUG_INFORMATION_FORMAT = dwarf;
				ENABLE_STRICT_OBJC_MSGSEND = YES;
				ENABLE_TESTABILITY = YES;
				ENABLE_USER_SCRIPT_SANDBOXING = YES;
				GCC_C_LANGUAGE_STANDARD = gnu17;
				GCC_DYNAMIC_NO_PIC = NO;
				GCC_NO_COMMON_BLOCKS = YES;
				GCC_OPTIMIZATION_LEVEL = 0;
				GCC_PREPROCESSOR_DEFINITIONS = (
					"DEBUG=1",
					"$(inherited)",
				);
				GCC_WARN_64_TO_32_BIT_CONVERSION = YES;
				GCC_WARN_ABOUT_RETURN_TYPE = YES_ERROR;
				GCC_WARN_UNDECLARED_SELECTOR = YES;
				GCC_WARN_UNINITIALIZED_AUTOS = YES_AGGRESSIVE;
				GCC_WARN_UNUSED_FUNCTION = YES;
				GCC_WARN_UNUSED_VARIABLE = YES;
				IPHONEOS_DEPLOYMENT_TARGET = 17.5;
				LOCALIZATION_PREFERS_STRING_CATALOGS = YES;
				MTL_ENABLE_DEBUG_INFO = INCLUDE_SOURCE;
				MTL_FAST_MATH = YES;
				ONLY_ACTIVE_ARCH = YES;
				SDKROOT = iphoneos;
				SWIFT_ACTIVE_COMPILATION_CONDITIONS = "DEBUG $(inherited)";
				SWIFT_OPTIMIZATION_LEVEL = "-Onone";
			};
			name = Debug;
		};
		F8DE5D1A2C4C4B96008C61DB /* Release */ = {
			isa = XCBuildConfiguration;
			buildSettings = {
				ALWAYS_SEARCH_USER_PATHS = NO;
				ASSETCATALOG_COMPILER_GENERATE_SWIFT_ASSET_SYMBOL_EXTENSIONS = YES;
				CLANG_ANALYZER_NONNULL = YES;
				CLANG_ANALYZER_NUMBER_OBJECT_CONVERSION = YES_AGGRESSIVE;
				CLANG_CXX_LANGUAGE_STANDARD = "gnu++20";
				CLANG_ENABLE_MODULES = YES;
				CLANG_ENABLE_OBJC_ARC = YES;
				CLANG_ENABLE_OBJC_WEAK = YES;
				CLANG_WARN_BLOCK_CAPTURE_AUTORELEASING = YES;
				CLANG_WARN_BOOL_CONVERSION = YES;
				CLANG_WARN_COMMA = YES;
				CLANG_WARN_CONSTANT_CONVERSION = YES;
				CLANG_WARN_DEPRECATED_OBJC_IMPLEMENTATIONS = YES;
				CLANG_WARN_DIRECT_OBJC_ISA_USAGE = YES_ERROR;
				CLANG_WARN_DOCUMENTATION_COMMENTS = YES;
				CLANG_WARN_EMPTY_BODY = YES;
				CLANG_WARN_ENUM_CONVERSION = YES;
				CLANG_WARN_INFINITE_RECURSION = YES;
				CLANG_WARN_INT_CONVERSION = YES;
				CLANG_WARN_NON_LITERAL_NULL_CONVERSION = YES;
				CLANG_WARN_OBJC_IMPLICIT_RETAIN_SELF = YES;
				CLANG_WARN_OBJC_LITERAL_CONVERSION = YES;
				CLANG_WARN_OBJC_ROOT_CLASS = YES_ERROR;
				CLANG_WARN_QUOTED_INCLUDE_IN_FRAMEWORK_HEADER = YES;
				CLANG_WARN_RANGE_LOOP_ANALYSIS = YES;
				CLANG_WARN_STRICT_PROTOTYPES = YES;
				CLANG_WARN_SUSPICIOUS_MOVE = YES;
				CLANG_WARN_UNGUARDED_AVAILABILITY = YES_AGGRESSIVE;
				CLANG_WARN_UNREACHABLE_CODE = YES;
				CLANG_WARN__DUPLICATE_METHOD_MATCH = YES;
				COPY_PHASE_STRIP = NO;
				DEBUG_INFORMATION_FORMAT = "dwarf-with-dsym";
				ENABLE_NS_ASSERTIONS = NO;
				ENABLE_STRICT_OBJC_MSGSEND = YES;
				ENABLE_USER_SCRIPT_SANDBOXING = YES;
				GCC_C_LANGUAGE_STANDARD = gnu17;
				GCC_NO_COMMON_BLOCKS = YES;
				GCC_WARN_64_TO_32_BIT_CONVERSION = YES;
				GCC_WARN_ABOUT_RETURN_TYPE = YES_ERROR;
				GCC_WARN_UNDECLARED_SELECTOR = YES;
				GCC_WARN_UNINITIALIZED_AUTOS = YES_AGGRESSIVE;
				GCC_WARN_UNUSED_FUNCTION = YES;
				GCC_WARN_UNUSED_VARIABLE = YES;
				IPHONEOS_DEPLOYMENT_TARGET = 17.5;
				LOCALIZATION_PREFERS_STRING_CATALOGS = YES;
				MTL_ENABLE_DEBUG_INFO = NO;
				MTL_FAST_MATH = YES;
				SDKROOT = iphoneos;
				SWIFT_COMPILATION_MODE = wholemodule;
				VALIDATE_PRODUCT = YES;
			};
			name = Release;
		};
		F8DE5D1C2C4C4B96008C61DB /* Debug */ = {
			isa = XCBuildConfiguration;
			buildSettings = {
				ASSETCATALOG_COMPILER_APPICON_NAME = AppIcon;
				ASSETCATALOG_COMPILER_GLOBAL_ACCENT_COLOR_NAME = AccentColor;
				CODE_SIGN_STYLE = Automatic;
				CURRENT_PROJECT_VERSION = 1;
				DEVELOPMENT_ASSET_PATHS = "\"TodoApp/Preview Content\"";
				DEVELOPMENT_TEAM = 57XC52Q2A3;
				ENABLE_PREVIEWS = YES;
				GENERATE_INFOPLIST_FILE = YES;
				INFOPLIST_KEY_CFBundleDisplayName = "Todo List";
				INFOPLIST_KEY_UIApplicationSceneManifest_Generation = YES;
				INFOPLIST_KEY_UIApplicationSupportsIndirectInputEvents = YES;
				INFOPLIST_KEY_UILaunchScreen_Generation = YES;
				INFOPLIST_KEY_UISupportedInterfaceOrientations = UIInterfaceOrientationPortrait;
				LD_RUNPATH_SEARCH_PATHS = (
					"$(inherited)",
					"@executable_path/Frameworks",
				);
				MARKETING_VERSION = 1.0;
				PRODUCT_BUNDLE_IDENTIFIER = "arc-founcation.todoapp";
				PRODUCT_NAME = "$(TARGET_NAME)";
				SWIFT_EMIT_LOC_STRINGS = YES;
				SWIFT_VERSION = 5.0;
				TARGETED_DEVICE_FAMILY = "1,2";
			};
			name = Debug;
		};
		F8DE5D1D2C4C4B96008C61DB /* Release */ = {
			isa = XCBuildConfiguration;
			buildSettings = {
				ASSETCATALOG_COMPILER_APPICON_NAME = AppIcon;
				ASSETCATALOG_COMPILER_GLOBAL_ACCENT_COLOR_NAME = AccentColor;
				CODE_SIGN_STYLE = Automatic;
				CURRENT_PROJECT_VERSION = 1;
				DEVELOPMENT_ASSET_PATHS = "\"TodoApp/Preview Content\"";
				DEVELOPMENT_TEAM = 57XC52Q2A3;
				ENABLE_PREVIEWS = YES;
				GENERATE_INFOPLIST_FILE = YES;
				INFOPLIST_KEY_CFBundleDisplayName = "Todo List";
				INFOPLIST_KEY_UIApplicationSceneManifest_Generation = YES;
				INFOPLIST_KEY_UIApplicationSupportsIndirectInputEvents = YES;
				INFOPLIST_KEY_UILaunchScreen_Generation = YES;
				INFOPLIST_KEY_UISupportedInterfaceOrientations = UIInterfaceOrientationPortrait;
				LD_RUNPATH_SEARCH_PATHS = (
					"$(inherited)",
					"@executable_path/Frameworks",
				);
				MARKETING_VERSION = 1.0;
				PRODUCT_BUNDLE_IDENTIFIER = "arc-founcation.todoapp";
				PRODUCT_NAME = "$(TARGET_NAME)";
				SWIFT_EMIT_LOC_STRINGS = YES;
				SWIFT_VERSION = 5.0;
				TARGETED_DEVICE_FAMILY = "1,2";
			};
			name = Release;
		};
		F8DE5D1F2C4C4B96008C61DB /* Debug */ = {
			isa = XCBuildConfiguration;
			buildSettings = {
				ALWAYS_EMBED_SWIFT_STANDARD_LIBRARIES = YES;
				BUNDLE_LOADER = "$(TEST_HOST)";
				CODE_SIGN_STYLE = Automatic;
				CURRENT_PROJECT_VERSION = 1;
				GENERATE_INFOPLIST_FILE = YES;
				IPHONEOS_DEPLOYMENT_TARGET = 17.5;
				MARKETING_VERSION = 1.0;
				PRODUCT_BUNDLE_IDENTIFIER = "arc-foundation.TodoAppTests";
				PRODUCT_NAME = "$(TARGET_NAME)";
				SWIFT_EMIT_LOC_STRINGS = NO;
				SWIFT_VERSION = 5.0;
				TARGETED_DEVICE_FAMILY = "1,2";
				TEST_HOST = "$(BUILT_PRODUCTS_DIR)/TodoApp.app/$(BUNDLE_EXECUTABLE_FOLDER_PATH)/TodoApp";
			};
			name = Debug;
		};
		F8DE5D202C4C4B96008C61DB /* Release */ = {
			isa = XCBuildConfiguration;
			buildSettings = {
				ALWAYS_EMBED_SWIFT_STANDARD_LIBRARIES = YES;
				BUNDLE_LOADER = "$(TEST_HOST)";
				CODE_SIGN_STYLE = Automatic;
				CURRENT_PROJECT_VERSION = 1;
				GENERATE_INFOPLIST_FILE = YES;
				IPHONEOS_DEPLOYMENT_TARGET = 17.5;
				MARKETING_VERSION = 1.0;
				PRODUCT_BUNDLE_IDENTIFIER = "arc-foundation.TodoAppTests";
				PRODUCT_NAME = "$(TARGET_NAME)";
				SWIFT_EMIT_LOC_STRINGS = NO;
				SWIFT_VERSION = 5.0;
				TARGETED_DEVICE_FAMILY = "1,2";
				TEST_HOST = "$(BUILT_PRODUCTS_DIR)/TodoApp.app/$(BUNDLE_EXECUTABLE_FOLDER_PATH)/TodoApp";
			};
			name = Release;
		};
		F8DE5D222C4C4B96008C61DB /* Debug */ = {
			isa = XCBuildConfiguration;
			buildSettings = {
				ALWAYS_EMBED_SWIFT_STANDARD_LIBRARIES = YES;
				CODE_SIGN_STYLE = Automatic;
				CURRENT_PROJECT_VERSION = 1;
				GENERATE_INFOPLIST_FILE = YES;
				MARKETING_VERSION = 1.0;
				PRODUCT_BUNDLE_IDENTIFIER = "arc-foundation.TodoAppUITests";
				PRODUCT_NAME = "$(TARGET_NAME)";
				SWIFT_EMIT_LOC_STRINGS = NO;
				SWIFT_VERSION = 5.0;
				TARGETED_DEVICE_FAMILY = "1,2";
				TEST_TARGET_NAME = TodoApp;
			};
			name = Debug;
		};
		F8DE5D232C4C4B96008C61DB /* Release */ = {
			isa = XCBuildConfiguration;
			buildSettings = {
				ALWAYS_EMBED_SWIFT_STANDARD_LIBRARIES = YES;
				CODE_SIGN_STYLE = Automatic;
				CURRENT_PROJECT_VERSION = 1;
				GENERATE_INFOPLIST_FILE = YES;
				MARKETING_VERSION = 1.0;
				PRODUCT_BUNDLE_IDENTIFIER = "arc-foundation.TodoAppUITests";
				PRODUCT_NAME = "$(TARGET_NAME)";
				SWIFT_EMIT_LOC_STRINGS = NO;
				SWIFT_VERSION = 5.0;
				TARGETED_DEVICE_FAMILY = "1,2";
				TEST_TARGET_NAME = TodoApp;
			};
			name = Release;
		};
/* End XCBuildConfiguration section */

/* Begin XCConfigurationList section */
		F8DE5CF22C4C4B91008C61DB /* Build configuration list for PBXProject "TodoApp" */ = {
			isa = XCConfigurationList;
			buildConfigurations = (
				F8DE5D192C4C4B96008C61DB /* Debug */,
				F8DE5D1A2C4C4B96008C61DB /* Release */,
			);
			defaultConfigurationIsVisible = 0;
			defaultConfigurationName = Release;
		};
		F8DE5D1B2C4C4B96008C61DB /* Build configuration list for PBXNativeTarget "TodoApp" */ = {
			isa = XCConfigurationList;
			buildConfigurations = (
				F8DE5D1C2C4C4B96008C61DB /* Debug */,
				F8DE5D1D2C4C4B96008C61DB /* Release */,
			);
			defaultConfigurationIsVisible = 0;
			defaultConfigurationName = Release;
		};
		F8DE5D1E2C4C4B96008C61DB /* Build configuration list for PBXNativeTarget "TodoAppTests" */ = {
			isa = XCConfigurationList;
			buildConfigurations = (
				F8DE5D1F2C4C4B96008C61DB /* Debug */,
				F8DE5D202C4C4B96008C61DB /* Release */,
			);
			defaultConfigurationIsVisible = 0;
			defaultConfigurationName = Release;
		};
		F8DE5D212C4C4B96008C61DB /* Build configuration list for PBXNativeTarget "TodoAppUITests" */ = {
			isa = XCConfigurationList;
			buildConfigurations = (
				F8DE5D222C4C4B96008C61DB /* Debug */,
				F8DE5D232C4C4B96008C61DB /* Release */,
			);
			defaultConfigurationIsVisible = 0;
			defaultConfigurationName = Release;
		};
/* End XCConfigurationList section */

/* Begin XCRemoteSwiftPackageReference section */
		F8DE5D242C4C4DBE008C61DB /* XCRemoteSwiftPackageReference "firebase-ios-sdk" */ = {
			isa = XCRemoteSwiftPackageReference;
			repositoryURL = "https://github.com/firebase/firebase-ios-sdk";
			requirement = {
				kind = upToNextMajorVersion;
				minimumVersion = 10.29.0;
			};
		};
/* End XCRemoteSwiftPackageReference section */

/* Begin XCSwiftPackageProductDependency section */
		F8A2FCE82C4D7DF30020FA1A /* FirebaseAuth */ = {
			isa = XCSwiftPackageProductDependency;
			package = F8DE5D242C4C4DBE008C61DB /* XCRemoteSwiftPackageReference "firebase-ios-sdk" */;
			productName = FirebaseAuth;
		};
		F8A2FCEA2C4D7DF30020FA1A /* FirebaseDatabase */ = {
			isa = XCSwiftPackageProductDependency;
			package = F8DE5D242C4C4DBE008C61DB /* XCRemoteSwiftPackageReference "firebase-ios-sdk" */;
			productName = FirebaseDatabase;
		};
		F8A2FCEC2C4D7DF30020FA1A /* FirebaseFirestore */ = {
			isa = XCSwiftPackageProductDependency;
			package = F8DE5D242C4C4DBE008C61DB /* XCRemoteSwiftPackageReference "firebase-ios-sdk" */;
			productName = FirebaseFirestore;
		};
/* End XCSwiftPackageProductDependency section */
	};
	rootObject = F8DE5CEF2C4C4B91008C61DB /* Project object */;
}
